// !$*UTF8*$!
{
	archiveVersion = 1;
	classes = {
	};
	objectVersion = 46;
	objects = {

/* Begin PBXBuildFile section */
		1920A7E71E411FA800BAEDCC /* Timer.cpp in Sources */ = {isa = PBXBuildFile; fileRef = 1920A7E51E411FA800BAEDCC /* Timer.cpp */; };
		19CA316A1E3693C1004DDED0 /* Runner.cpp in Sources */ = {isa = PBXBuildFile; fileRef = 19CA31691E3693C1004DDED0 /* Runner.cpp */; };
		19CA316C1E369586004DDED0 /* Controller.cpp in Sources */ = {isa = PBXBuildFile; fileRef = 19CA316B1E369586004DDED0 /* Controller.cpp */; };
/* End PBXBuildFile section */

/* Begin PBXCopyFilesBuildPhase section */
		19CA314A1E368F9B004DDED0 /* CopyFiles */ = {
			isa = PBXCopyFilesBuildPhase;
			buildActionMask = 2147483647;
			dstPath = /usr/share/man/man1/;
			dstSubfolderSpec = 0;
			files = (
			);
			runOnlyForDeploymentPostprocessing = 1;
		};
/* End PBXCopyFilesBuildPhase section */

/* Begin PBXFileReference section */
		1920A7E51E411FA800BAEDCC /* Timer.cpp */ = {isa = PBXFileReference; fileEncoding = 4; lastKnownFileType = sourcecode.cpp.cpp; name = Timer.cpp; path = Model/Timer.cpp; sourceTree = "<group>"; };
		1920A7E61E411FA800BAEDCC /* Timer.hpp */ = {isa = PBXFileReference; fileEncoding = 4; lastKnownFileType = sourcecode.cpp.h; name = Timer.hpp; path = Model/Timer.hpp; sourceTree = "<group>"; };
		19CA314C1E368F9B004DDED0 /* FirstProjectForCPlusPlus */ = {isa = PBXFileReference; explicitFileType = "compiled.mach-o.executable"; includeInIndex = 0; path = FirstProjectForCPlusPlus; sourceTree = BUILT_PRODUCTS_DIR; };
		19CA31691E3693C1004DDED0 /* Runner.cpp */ = {isa = PBXFileReference; fileEncoding = 4; lastKnownFileType = sourcecode.cpp.cpp; name = Runner.cpp; path = Controller/Runner.cpp; sourceTree = "<group>"; };
		19CA316B1E369586004DDED0 /* Controller.cpp */ = {isa = PBXFileReference; fileEncoding = 4; lastKnownFileType = sourcecode.cpp.cpp; name = Controller.cpp; path = Controller/Controller.cpp; sourceTree = "<group>"; };
		19CA316D1E369879004DDED0 /* Controller.h */ = {isa = PBXFileReference; lastKnownFileType = sourcecode.c.h; name = Controller.h; path = Controller/Controller.h; sourceTree = "<group>"; };
/* End PBXFileReference section */

/* Begin PBXFrameworksBuildPhase section */
		19CA31491E368F9B004DDED0 /* Frameworks */ = {
			isa = PBXFrameworksBuildPhase;
			buildActionMask = 2147483647;
			files = (
			);
			runOnlyForDeploymentPostprocessing = 0;
		};
/* End PBXFrameworksBuildPhase section */

/* Begin PBXGroup section */
		1920A7E31E411F2100BAEDCC /* Controller */ = {
			isa = PBXGroup;
			children = (
				19CA31691E3693C1004DDED0 /* Runner.cpp */,
				19CA316B1E369586004DDED0 /* Controller.cpp */,
				19CA316D1E369879004DDED0 /* Controller.h */,
			);
			name = Controller;
			sourceTree = "<group>";
		};
		1920A7E41E411F5900BAEDCC /* Model */ = {
			isa = PBXGroup;
			children = (
				1920A7E51E411FA800BAEDCC /* Timer.cpp */,
				1920A7E61E411FA800BAEDCC /* Timer.hpp */,
			);
			name = Model;
			sourceTree = "<group>";
		};
		19CA31431E368F9B004DDED0 = {
			isa = PBXGroup;
			children = (
				19CA314E1E368F9B004DDED0 /* FirstProjectForCPlusPlus */,
				19CA314D1E368F9B004DDED0 /* Products */,
			);
			sourceTree = "<group>";
		};
		19CA314D1E368F9B004DDED0 /* Products */ = {
			isa = PBXGroup;
			children = (
				19CA314C1E368F9B004DDED0 /* FirstProjectForCPlusPlus */,
			);
			name = Products;
			sourceTree = "<group>";
		};
		19CA314E1E368F9B004DDED0 /* FirstProjectForCPlusPlus */ = {
			isa = PBXGroup;
			children = (
				1920A7E41E411F5900BAEDCC /* Model */,
				1920A7E31E411F2100BAEDCC /* Controller */,
			);
			path = FirstProjectForCPlusPlus;
			sourceTree = "<group>";
		};
/* End PBXGroup section */

/* Begin PBXNativeTarget section */
		19CA314B1E368F9B004DDED0 /* FirstProjectForCPlusPlus */ = {
			isa = PBXNativeTarget;
			buildConfigurationList = 19CA31531E368F9B004DDED0 /* Build configuration list for PBXNativeTarget "FirstProjectForCPlusPlus" */;
			buildPhases = (
				19CA31481E368F9B004DDED0 /* Sources */,
				19CA31491E368F9B004DDED0 /* Frameworks */,
				19CA314A1E368F9B004DDED0 /* CopyFiles */,
			);
			buildRules = (
			);
			dependencies = (
			);
			name = FirstProjectForCPlusPlus;
			productName = FirstProjectForCPlusPlus;
			productReference = 19CA314C1E368F9B004DDED0 /* FirstProjectForCPlusPlus */;
			productType = "com.apple.product-type.tool";
		};
/* End PBXNativeTarget section */

/* Begin PBXProject section */
		19CA31441E368F9B004DDED0 /* Project object */ = {
			isa = PBXProject;
			attributes = {
				LastUpgradeCheck = 0810;
				ORGANIZATIONNAME = "Trevino, Peyton";
				TargetAttributes = {
					19CA314B1E368F9B004DDED0 = {
						CreatedOnToolsVersion = 8.1;
						ProvisioningStyle = Automatic;
					};
				};
			};
			buildConfigurationList = 19CA31471E368F9B004DDED0 /* Build configuration list for PBXProject "FirstProjectForCPlusPlus" */;
			compatibilityVersion = "Xcode 3.2";
			developmentRegion = English;
			hasScannedForEncodings = 0;
			knownRegions = (
				en,
			);
			mainGroup = 19CA31431E368F9B004DDED0;
			productRefGroup = 19CA314D1E368F9B004DDED0 /* Products */;
			projectDirPath = "";
			projectRoot = "";
			targets = (
				19CA314B1E368F9B004DDED0 /* FirstProjectForCPlusPlus */,
			);
		};
/* End PBXProject section */

/* Begin PBXSourcesBuildPhase section */
		19CA31481E368F9B004DDED0 /* Sources */ = {
			isa = PBXSourcesBuildPhase;
			buildActionMask = 2147483647;
			files = (
				1920A7E71E411FA800BAEDCC /* Timer.cpp in Sources */,
				19CA316A1E3693C1004DDED0 /* Runner.cpp in Sources */,
				19CA316C1E369586004DDED0 /* Controller.cpp in Sources */,
			);
			runOnlyForDeploymentPostprocessing = 0;
		};
/* End PBXSourcesBuildPhase section */

/* Begin XCBuildConfiguration section */
		19CA31511E368F9B004DDED0 /* Debug */ = {
			isa = XCBuildConfiguration;
			buildSettings = {
				ALWAYS_SEARCH_USER_PATHS = NO;
				CLANG_ANALYZER_NONNULL = YES;
				CLANG_CXX_LANGUAGE_STANDARD = "gnu++0x";
				CLANG_CXX_LIBRARY = "libc++";
				CLANG_ENABLE_MODULES = YES;
				CLANG_ENABLE_OBJC_ARC = YES;
				CLANG_WARN_BOOL_CONVERSION = YES;
				CLANG_WARN_CONSTANT_CONVERSION = YES;
				CLANG_WARN_DIRECT_OBJC_ISA_USAGE = YES_ERROR;
				CLANG_WARN_DOCUMENTATION_COMMENTS = YES;
				CLANG_WARN_EMPTY_BODY = YES;
				CLANG_WARN_ENUM_CONVERSION = YES;
				CLANG_WARN_INFINITE_RECURSION = YES;
				CLANG_WARN_INT_CONVERSION = YES;
				CLANG_WARN_OBJC_ROOT_CLASS = YES_ERROR;
				CLANG_WARN_SUSPICIOUS_MOVES = YES;
				CLANG_WARN_UNREACHABLE_CODE = YES;
				CLANG_WARN__DUPLICATE_METHOD_MATCH = YES;
				CODE_SIGN_IDENTITY = "-";
				COPY_PHASE_STRIP = NO;
				DEBUG_INFORMATION_FORMAT = dwarf;
				ENABLE_STRICT_OBJC_MSGSEND = YES;
				ENABLE_TESTABILITY = YES;
				GCC_C_LANGUAGE_STANDARD = gnu99;
				GCC_DYNAMIC_NO_PIC = NO;
				GCC_NO_COMMON_BLOCKS = YES;
				GCC_OPTIMIZATION_LEVEL = 0;
				GCC_PREPROCESSOR_DEFINITIONS = (
					"DEBUG=1",
					"$(inherited)",
				);
				GCC_WARN_64_TO_32_BIT_CONVERSION = YES;
				GCC_WARN_ABOUT_RETURN_TYPE = YES_ERROR;
				GCC_WARN_UNDECLARED_SELECTOR = YES;
				GCC_WARN_UNINITIALIZED_AUTOS = YES_AGGRESSIVE;
				GCC_WARN_UNUSED_FUNCTION = YES;
				GCC_WARN_UNUSED_VARIABLE = YES;
				MACOSX_DEPLOYMENT_TARGET = 10.11;
				MTL_ENABLE_DEBUG_INFO = YES;
				ONLY_ACTIVE_ARCH = YES;
				SDKROOT = macosx;
			};
			name = Debug;
		};
		19CA31521E368F9B004DDED0 /* Release */ = {
			isa = XCBuildConfiguration;
			buildSettings = {
				ALWAYS_SEARCH_USER_PATHS = NO;
				CLANG_ANALYZER_NONNULL = YES;
				CLANG_CXX_LANGUAGE_STANDARD = "gnu++0x";
				CLANG_CXX_LIBRARY = "libc++";
				CLANG_ENABLE_MODULES = YES;
				CLANG_ENABLE_OBJC_ARC = YES;
				CLANG_WARN_BOOL_CONVERSION = YES;
				CLANG_WARN_CONSTANT_CONVERSION = YES;
				CLANG_WARN_DIRECT_OBJC_ISA_USAGE = YES_ERROR;
				CLANG_WARN_DOCUMENTATION_COMMENTS = YES;
				CLANG_WARN_EMPTY_BODY = YES;
				CLANG_WARN_ENUM_CONVERSION = YES;
				CLANG_WARN_INFINITE_RECURSION = YES;
				CLANG_WARN_INT_CONVERSION = YES;
				CLANG_WARN_OBJC_ROOT_CLASS = YES_ERROR;
				CLANG_WARN_SUSPICIOUS_MOVES = YES;
				CLANG_WARN_UNREACHABLE_CODE = YES;
				CLANG_WARN__DUPLICATE_METHOD_MATCH = YES;
				CODE_SIGN_IDENTITY = "-";
				COPY_PHASE_STRIP = NO;
				DEBUG_INFORMATION_FORMAT = "dwarf-with-dsym";
				ENABLE_NS_ASSERTIONS = NO;
				ENABLE_STRICT_OBJC_MSGSEND = YES;
				GCC_C_LANGUAGE_STANDARD = gnu99;
				GCC_NO_COMMON_BLOCKS = YES;
				GCC_WARN_64_TO_32_BIT_CONVERSION = YES;
				GCC_WARN_ABOUT_RETURN_TYPE = YES_ERROR;
				GCC_WARN_UNDECLARED_SELECTOR = YES;
				GCC_WARN_UNINITIALIZED_AUTOS = YES_AGGRESSIVE;
				GCC_WARN_UNUSED_FUNCTION = YES;
				GCC_WARN_UNUSED_VARIABLE = YES;
				MACOSX_DEPLOYMENT_TARGET = 10.11;
				MTL_ENABLE_DEBUG_INFO = NO;
				SDKROOT = macosx;
			};
			name = Release;
		};
		19CA31541E368F9B004DDED0 /* Debug */ = {
			isa = XCBuildConfiguration;
			buildSettings = {
				PRODUCT_NAME = "$(TARGET_NAME)";
			};
			name = Debug;
		};
		19CA31551E368F9B004DDED0 /* Release */ = {
			isa = XCBuildConfiguration;
			buildSettings = {
				PRODUCT_NAME = "$(TARGET_NAME)";
			};
			name = Release;
		};
/* End XCBuildConfiguration section */

/* Begin XCConfigurationList section */
		19CA31471E368F9B004DDED0 /* Build configuration list for PBXProject "FirstProjectForCPlusPlus" */ = {
			isa = XCConfigurationList;
			buildConfigurations = (
				19CA31511E368F9B004DDED0 /* Debug */,
				19CA31521E368F9B004DDED0 /* Release */,
			);
			defaultConfigurationIsVisible = 0;
			defaultConfigurationName = Release;
		};
		19CA31531E368F9B004DDED0 /* Build configuration list for PBXNativeTarget "FirstProjectForCPlusPlus" */ = {
			isa = XCConfigurationList;
			buildConfigurations = (
				19CA31541E368F9B004DDED0 /* Debug */,
				19CA31551E368F9B004DDED0 /* Release */,
			);
			defaultConfigurationIsVisible = 0;
			defaultConfigurationName = Release;
		};
/* End XCConfigurationList section */
	};
	rootObject = 19CA31441E368F9B004DDED0 /* Project object */;
}
